lockfileVersion: '9.0'

settings:
  autoInstallPeers: true
  excludeLinksFromLockfile: false

importers:

  .:
    devDependencies:
      prettier-plugin-package:
        specifier: ^2.0.0
        version: 2.0.0(prettier@3.8.3)

packages:

  prettier-plugin-package@2.0.0:
    resolution: {integrity: sha512-d7v5sEUf9AIBYmsjn6kzy9xugvoutgk+pdt1/l3opACE5uHS30LzApezcoHYqDJtvcSPj8SCY/50WIiVYmH3+Q==}
    engines: {node: '>=20.19.0'}
    peerDependencies:
      prettier: ^3.0.0

  prettier@3.8.3:
    resolution: {integrity: sha512-7igPTM53cGHMW8xWuVTydi2KO233VFiTNyF5hLJqpilHfmn8C8gPf+PS7dUT64YcXFbiMGZxS9pCSxL/Dxm/Jw==}
    engines: {node: '>=14'}
    hasBin: true

snapshots:

  prettier-plugin-package@2.0.0(prettier@3.8.3):
    dependencies:
      prettier: 3.8.3

  prettier@3.8.3: {}
